
Microsoft Visual Studio Solution File, Format Version 12.00
# Visual Studio 15
VisualStudioVersion = 15.0.27428.2043
MinimumVisualStudioVersion = 10.0.40219.1
Project("{FAE04EC0-301F-11D3-BF4B-00C04F79EFBC}") = "Rem", "Rem\Rem.csproj", "{C1415B32-B221-4530-B86E-DB6C17A5655D}"
EndProject
Global
	GlobalSection(SolutionConfigurationPlatforms) = preSolution
		Debug|Any CPU = Debug|Any CPU
		Release|Any CPU = Release|Any CPU
	EndGlobalSection
	GlobalSection(ProjectConfigurationPlatforms) = postSolution
		{C1415B32-B221-4530-B86E-DB6C17A5655D}.Debug|Any CPU.ActiveCfg = Debug|Any CPU
		{C1415B32-B221-4530-B86E-DB6C17A5655D}.Debug|Any CPU.Build.0 = Debug|Any CPU
		{C1415B32-B221-4530-B86E-DB6C17A5655D}.Release|Any CPU.ActiveCfg = Release|Any CPU
		{C1415B32-B221-4530-B86E-DB6C17A5655D}.Release|Any CPU.Build.0 = Release|Any CPU
	EndGlobalSection
	GlobalSection(SolutionProperties) = preSolution
		HideSolutionNode = FALSE
	EndGlobalSection
	GlobalSection(ExtensibilityGlobals) = postSolution
		SolutionGuid = {78EEFA64-77A3-4B73-A0C7-0F3153B79CA9}
	EndGlobalSection
EndGlobal
