
Microsoft Visual Studio Solution File, Format Version 12.00
# Visual Studio 15
VisualStudioVersion = 15.0.27428.2043
MinimumVisualStudioVersion = 10.0.40219.1
Project("{9A19103F-16F7-4668-BE54-9A1E7A4F7556}") = "Rem", "Rem\Rem.csproj", "{C1415B32-B221-4530-B86E-DB6C17A5655D}"
EndProject
Project("{FAE04EC0-301F-11D3-BF4B-00C04F79EFBC}") = "Tests", "Tests\Tests.csproj", "{0CE13D13-BB60-41BB-90BC-61911A7FDAB1}"
EndProject
Project("{FAE04EC0-301F-11D3-BF4B-00C04F79EFBC}") = "MemeGenerator", "MemeGenerator\MemeGenerator.csproj", "{A787F24A-5534-41EA-9266-C5B353EC4D44}"
EndProject
Project("{FAE04EC0-301F-11D3-BF4B-00C04F79EFBC}") = "MemeGeneratorTest", "MemeGeneratorTest\MemeGeneratorTest.csproj", "{AA278D8C-41AE-4519-B1A8-7F90D6B1FC8E}"
EndProject
Global
	GlobalSection(SolutionConfigurationPlatforms) = preSolution
		Debug|Any CPU = Debug|Any CPU
		Release|Any CPU = Release|Any CPU
	EndGlobalSection
	GlobalSection(ProjectConfigurationPlatforms) = postSolution
		{C1415B32-B221-4530-B86E-DB6C17A5655D}.Debug|Any CPU.ActiveCfg = Debug|Any CPU
		{C1415B32-B221-4530-B86E-DB6C17A5655D}.Debug|Any CPU.Build.0 = Debug|Any CPU
		{C1415B32-B221-4530-B86E-DB6C17A5655D}.Release|Any CPU.ActiveCfg = Release|Any CPU
		{C1415B32-B221-4530-B86E-DB6C17A5655D}.Release|Any CPU.Build.0 = Release|Any CPU
		{0CE13D13-BB60-41BB-90BC-61911A7FDAB1}.Debug|Any CPU.ActiveCfg = Debug|Any CPU
		{0CE13D13-BB60-41BB-90BC-61911A7FDAB1}.Debug|Any CPU.Build.0 = Debug|Any CPU
		{0CE13D13-BB60-41BB-90BC-61911A7FDAB1}.Release|Any CPU.ActiveCfg = Release|Any CPU
		{0CE13D13-BB60-41BB-90BC-61911A7FDAB1}.Release|Any CPU.Build.0 = Release|Any CPU
		{A787F24A-5534-41EA-9266-C5B353EC4D44}.Debug|Any CPU.ActiveCfg = Debug|Any CPU
		{A787F24A-5534-41EA-9266-C5B353EC4D44}.Debug|Any CPU.Build.0 = Debug|Any CPU
		{A787F24A-5534-41EA-9266-C5B353EC4D44}.Release|Any CPU.ActiveCfg = Release|Any CPU
		{A787F24A-5534-41EA-9266-C5B353EC4D44}.Release|Any CPU.Build.0 = Release|Any CPU
		{AA278D8C-41AE-4519-B1A8-7F90D6B1FC8E}.Debug|Any CPU.ActiveCfg = Debug|Any CPU
		{AA278D8C-41AE-4519-B1A8-7F90D6B1FC8E}.Debug|Any CPU.Build.0 = Debug|Any CPU
		{AA278D8C-41AE-4519-B1A8-7F90D6B1FC8E}.Release|Any CPU.ActiveCfg = Release|Any CPU
		{AA278D8C-41AE-4519-B1A8-7F90D6B1FC8E}.Release|Any CPU.Build.0 = Release|Any CPU
	EndGlobalSection
	GlobalSection(SolutionProperties) = preSolution
		HideSolutionNode = FALSE
	EndGlobalSection
	GlobalSection(ExtensibilityGlobals) = postSolution
		SolutionGuid = {78EEFA64-77A3-4B73-A0C7-0F3153B79CA9}
	EndGlobalSection
EndGlobal
